
Microsoft Visual Studio Solution File, Format Version 12.00
# Visual Studio Version 17
VisualStudioVersion = 17.8.34525.116
MinimumVisualStudioVersion = 10.0.40219.1
Project("{9A19103F-16F7-4668-BE54-9A1E7A4F7556}") = "CameraFacialTrackingModule", "CameraFacialTrackingModule\CameraFacialTrackingModule.csproj", "{943B73EF-82BD-4781-86CB-99F4DC046293}"
EndProject
Project("{9A19103F-16F7-4668-BE54-9A1E7A4F7556}") = "VRCFaceTracking.Core", "VRCFaceTracking\VRCFaceTracking.Core\VRCFaceTracking.Core.csproj", "{F88A3C7F-A3D4-4F80-896E-1959A6000A98}"
EndProject
Global
	GlobalSection(SolutionConfigurationPlatforms) = preSolution
		Debug|Any CPU = Debug|Any CPU
		Debug|x64 = Debug|x64
		Release|Any CPU = Release|Any CPU
		Release|x64 = Release|x64
	EndGlobalSection
	GlobalSection(ProjectConfigurationPlatforms) = postSolution
		{943B73EF-82BD-4781-86CB-99F4DC046293}.Debug|Any CPU.ActiveCfg = Debug|Any CPU
		{943B73EF-82BD-4781-86CB-99F4DC046293}.Debug|Any CPU.Build.0 = Debug|Any CPU
		{943B73EF-82BD-4781-86CB-99F4DC046293}.Debug|x64.ActiveCfg = Debug|Any CPU
		{943B73EF-82BD-4781-86CB-99F4DC046293}.Debug|x64.Build.0 = Debug|Any CPU
		{943B73EF-82BD-4781-86CB-99F4DC046293}.Release|Any CPU.ActiveCfg = Release|Any CPU
		{943B73EF-82BD-4781-86CB-99F4DC046293}.Release|Any CPU.Build.0 = Release|Any CPU
		{943B73EF-82BD-4781-86CB-99F4DC046293}.Release|x64.ActiveCfg = Release|Any CPU
		{943B73EF-82BD-4781-86CB-99F4DC046293}.Release|x64.Build.0 = Release|Any CPU
		{F88A3C7F-A3D4-4F80-896E-1959A6000A98}.Debug|Any CPU.ActiveCfg = Debug|x64
		{F88A3C7F-A3D4-4F80-896E-1959A6000A98}.Debug|Any CPU.Build.0 = Debug|x64
		{F88A3C7F-A3D4-4F80-896E-1959A6000A98}.Debug|x64.ActiveCfg = Debug|x64
		{F88A3C7F-A3D4-4F80-896E-1959A6000A98}.Debug|x64.Build.0 = Debug|x64
		{F88A3C7F-A3D4-4F80-896E-1959A6000A98}.Release|Any CPU.ActiveCfg = Release|x64
		{F88A3C7F-A3D4-4F80-896E-1959A6000A98}.Release|Any CPU.Build.0 = Release|x64
		{F88A3C7F-A3D4-4F80-896E-1959A6000A98}.Release|x64.ActiveCfg = Release|x64
		{F88A3C7F-A3D4-4F80-896E-1959A6000A98}.Release|x64.Build.0 = Release|x64
	EndGlobalSection
	GlobalSection(SolutionProperties) = preSolution
		HideSolutionNode = FALSE
	EndGlobalSection
	GlobalSection(ExtensibilityGlobals) = postSolution
		SolutionGuid = {6238A582-D950-4B29-A7C7-71E880EEA67C}
	EndGlobalSection
EndGlobal
